// !$*UTF8*$!
{
	archiveVersion = 1;
	classes = {
	};
	objectVersion = 48;
	objects = {

/* Begin PBXBuildFile section */
		5B1D77E01F254BB40083106D /* FeaturedCollectionViewController.swift in Sources */ = {isa = PBXBuildFile; fileRef = 5B1D77DF1F254BB40083106D /* FeaturedCollectionViewController.swift */; };
		5B1D77E11F254BB40083106D /* FeaturedCollectionViewController.swift in Sources */ = {isa = PBXBuildFile; fileRef = 5B1D77DF1F254BB40083106D /* FeaturedCollectionViewController.swift */; };
		5B1D77E21F254BB40083106D /* FeaturedCollectionViewController.swift in Sources */ = {isa = PBXBuildFile; fileRef = 5B1D77DF1F254BB40083106D /* FeaturedCollectionViewController.swift */; };
		5B5BDD101EF1DBEA00EBFEE0 /* body.strings in Resources */ = {isa = PBXBuildFile; fileRef = 5B5BDD0F1EF1DBEA00EBFEE0 /* body.strings */; };
		5B5BDD1A1EF2F53800EBFEE0 /* ViewController2.swift in Sources */ = {isa = PBXBuildFile; fileRef = 5B5BDD191EF2F53800EBFEE0 /* ViewController2.swift */; };
		5B5BDD1B1EF2F53800EBFEE0 /* ViewController2.swift in Sources */ = {isa = PBXBuildFile; fileRef = 5B5BDD191EF2F53800EBFEE0 /* ViewController2.swift */; };
		5B5BDD1C1EF2F53800EBFEE0 /* ViewController2.swift in Sources */ = {isa = PBXBuildFile; fileRef = 5B5BDD191EF2F53800EBFEE0 /* ViewController2.swift */; };
		5B5BDD1E1EF2F53D00EBFEE0 /* ViewController3.swift in Sources */ = {isa = PBXBuildFile; fileRef = 5B5BDD1D1EF2F53D00EBFEE0 /* ViewController3.swift */; };
		5B5BDD1F1EF2F53D00EBFEE0 /* ViewController3.swift in Sources */ = {isa = PBXBuildFile; fileRef = 5B5BDD1D1EF2F53D00EBFEE0 /* ViewController3.swift */; };
		5B5BDD201EF2F53D00EBFEE0 /* ViewController3.swift in Sources */ = {isa = PBXBuildFile; fileRef = 5B5BDD1D1EF2F53D00EBFEE0 /* ViewController3.swift */; };
		5B5BDD221EF2F66D00EBFEE0 /* ViewController4.swift in Sources */ = {isa = PBXBuildFile; fileRef = 5B5BDD211EF2F66D00EBFEE0 /* ViewController4.swift */; };
		5B5BDD231EF2F66D00EBFEE0 /* ViewController4.swift in Sources */ = {isa = PBXBuildFile; fileRef = 5B5BDD211EF2F66D00EBFEE0 /* ViewController4.swift */; };
		5B5BDD241EF2F66D00EBFEE0 /* ViewController4.swift in Sources */ = {isa = PBXBuildFile; fileRef = 5B5BDD211EF2F66D00EBFEE0 /* ViewController4.swift */; };
		5B8A6A4C1EFD75F300F69B43 /* asia.jpg in Resources */ = {isa = PBXBuildFile; fileRef = 5B8A6A4B1EFD75D800F69B43 /* asia.jpg */; };
		5B8A6A501F1AC65400F69B43 /* ivan.jpg in Resources */ = {isa = PBXBuildFile; fileRef = 5B8A6A4F1F1AC64300F69B43 /* ivan.jpg */; };
		5B8A6A521F1ACAE500F69B43 /* makeup.jpg in Resources */ = {isa = PBXBuildFile; fileRef = 5B8A6A511F1ACADA00F69B43 /* makeup.jpg */; };
		5B8A6A541F1ACCEC00F69B43 /* claudia.jpg in Resources */ = {isa = PBXBuildFile; fileRef = 5B8A6A531F1ACCE100F69B43 /* claudia.jpg */; };
		5B8A6A5A1F1BF11200F69B43 /* madison.jpg in Resources */ = {isa = PBXBuildFile; fileRef = 5B8A6A551F1BEFAD00F69B43 /* madison.jpg */; };
		5B8A6A5B1F1BF11200F69B43 /* kimi.jpg in Resources */ = {isa = PBXBuildFile; fileRef = 5B8A6A561F1BF0F500F69B43 /* kimi.jpg */; };
		5B8A6A5C1F1BF11200F69B43 /* adesola.jpg in Resources */ = {isa = PBXBuildFile; fileRef = 5B8A6A581F1BF0FD00F69B43 /* adesola.jpg */; };
		5B8A6A5D1F1BF11200F69B43 /* hunterandmadeline.jpg in Resources */ = {isa = PBXBuildFile; fileRef = 5B8A6A591F1BF10200F69B43 /* hunterandmadeline.jpg */; };
		5B8A6A5F1F1C026A00F69B43 /* maia.png in Sources */ = {isa = PBXBuildFile; fileRef = 5B8A6A5E1F1C024C00F69B43 /* maia.png */; };
		5B8A6A601F1C027B00F69B43 /* maia.png in Resources */ = {isa = PBXBuildFile; fileRef = 5B8A6A5E1F1C024C00F69B43 /* maia.png */; };
		5B8A6A621F1C1C6100F69B43 /* 2015.png in Resources */ = {isa = PBXBuildFile; fileRef = 5B8A6A611F1C1C5000F69B43 /* 2015.png */; };
		5B8A6A641F1C1E3B00F69B43 /* board.jpg in Resources */ = {isa = PBXBuildFile; fileRef = 5B8A6A631F1C1E2E00F69B43 /* board.jpg */; };
		5B8A6A661F1C219800F69B43 /* sam.jpg in Resources */ = {isa = PBXBuildFile; fileRef = 5B8A6A651F1C218C00F69B43 /* sam.jpg */; };
		5BAF44231EEC8A60007ACBCB /* AppDelegate.swift in Sources */ = {isa = PBXBuildFile; fileRef = 5BAF44221EEC8A60007ACBCB /* AppDelegate.swift */; };
		5BAF44251EEC8A60007ACBCB /* ContentViewController.swift in Sources */ = {isa = PBXBuildFile; fileRef = 5BAF44241EEC8A60007ACBCB /* ContentViewController.swift */; };
		5BAF442A1EEC8A60007ACBCB /* Assets.xcassets in Resources */ = {isa = PBXBuildFile; fileRef = 5BAF44291EEC8A60007ACBCB /* Assets.xcassets */; };
		5BAF44381EEC8A60007ACBCB /* IdentitiesTests.swift in Sources */ = {isa = PBXBuildFile; fileRef = 5BAF44371EEC8A60007ACBCB /* IdentitiesTests.swift */; };
		5BAF44431EEC8A60007ACBCB /* IdentitiesUITests.swift in Sources */ = {isa = PBXBuildFile; fileRef = 5BAF44421EEC8A60007ACBCB /* IdentitiesUITests.swift */; };
		5BE6C2E71EEC8E3E00915313 /* HomeViewController.swift in Sources */ = {isa = PBXBuildFile; fileRef = 5BE6C2E61EEC8E3E00915313 /* HomeViewController.swift */; };
		5BE6C2EB1EECA27900915313 /* hannah.mp4 in Resources */ = {isa = PBXBuildFile; fileRef = 5BE6C2EA1EECA17A00915313 /* hannah.mp4 */; };
		5BE6C2F31EEDDD9900915313 /* HomeViewController.swift in Sources */ = {isa = PBXBuildFile; fileRef = 5BE6C2E61EEC8E3E00915313 /* HomeViewController.swift */; };
		5BE6C2F41EEDDD9900915313 /* HomeViewController.swift in Sources */ = {isa = PBXBuildFile; fileRef = 5BE6C2E61EEC8E3E00915313 /* HomeViewController.swift */; };
		5BE6C2F51EEE145D00915313 /* AppDelegate.swift in Sources */ = {isa = PBXBuildFile; fileRef = 5BAF44221EEC8A60007ACBCB /* AppDelegate.swift */; };
		5BE6C2F61EEE145E00915313 /* AppDelegate.swift in Sources */ = {isa = PBXBuildFile; fileRef = 5BAF44221EEC8A60007ACBCB /* AppDelegate.swift */; };
		C81629A61EFD2B3D004000B3 /* PageViewController.swift in Sources */ = {isa = PBXBuildFile; fileRef = C81629A51EFD2B3D004000B3 /* PageViewController.swift */; };
		C81629A81EFD2B4B004000B3 /* ViewController1.swift in Sources */ = {isa = PBXBuildFile; fileRef = C81629A71EFD2B4A004000B3 /* ViewController1.swift */; };
/* End PBXBuildFile section */

/* Begin PBXContainerItemProxy section */
		5BAF44341EEC8A60007ACBCB /* PBXContainerItemProxy */ = {
			isa = PBXContainerItemProxy;
			containerPortal = 5BAF44171EEC8A60007ACBCB /* Project object */;
			proxyType = 1;
			remoteGlobalIDString = 5BAF441E1EEC8A60007ACBCB;
			remoteInfo = Identities;
		};
		5BAF443F1EEC8A60007ACBCB /* PBXContainerItemProxy */ = {
			isa = PBXContainerItemProxy;
			containerPortal = 5BAF44171EEC8A60007ACBCB /* Project object */;
			proxyType = 1;
			remoteGlobalIDString = 5BAF441E1EEC8A60007ACBCB;
			remoteInfo = Identities;
		};
/* End PBXContainerItemProxy section */

/* Begin PBXFileReference section */
		5B1D77DF1F254BB40083106D /* FeaturedCollectionViewController.swift */ = {isa = PBXFileReference; lastKnownFileType = sourcecode.swift; path = FeaturedCollectionViewController.swift; sourceTree = "<group>"; };
		5B5BDD0F1EF1DBEA00EBFEE0 /* body.strings */ = {isa = PBXFileReference; lastKnownFileType = text.plist.strings; path = body.strings; sourceTree = "<group>"; };
		5B5BDD191EF2F53800EBFEE0 /* ViewController2.swift */ = {isa = PBXFileReference; fileEncoding = 4; lastKnownFileType = sourcecode.swift; path = ViewController2.swift; sourceTree = "<group>"; };
		5B5BDD1D1EF2F53D00EBFEE0 /* ViewController3.swift */ = {isa = PBXFileReference; fileEncoding = 4; lastKnownFileType = sourcecode.swift; path = ViewController3.swift; sourceTree = "<group>"; };
		5B5BDD211EF2F66D00EBFEE0 /* ViewController4.swift */ = {isa = PBXFileReference; lastKnownFileType = sourcecode.swift; path = ViewController4.swift; sourceTree = "<group>"; };
		5B8A6A4B1EFD75D800F69B43 /* asia.jpg */ = {isa = PBXFileReference; lastKnownFileType = image.jpeg; path = asia.jpg; sourceTree = "<group>"; };
		5B8A6A4F1F1AC64300F69B43 /* ivan.jpg */ = {isa = PBXFileReference; lastKnownFileType = image.jpeg; path = ivan.jpg; sourceTree = "<group>"; };
		5B8A6A511F1ACADA00F69B43 /* makeup.jpg */ = {isa = PBXFileReference; lastKnownFileType = image.jpeg; path = makeup.jpg; sourceTree = "<group>"; };
		5B8A6A531F1ACCE100F69B43 /* claudia.jpg */ = {isa = PBXFileReference; lastKnownFileType = image.jpeg; path = claudia.jpg; sourceTree = "<group>"; };
		5B8A6A551F1BEFAD00F69B43 /* madison.jpg */ = {isa = PBXFileReference; lastKnownFileType = image.jpeg; path = madison.jpg; sourceTree = "<group>"; };
		5B8A6A561F1BF0F500F69B43 /* kimi.jpg */ = {isa = PBXFileReference; lastKnownFileType = image.jpeg; path = kimi.jpg; sourceTree = "<group>"; };
		5B8A6A571F1BF0FA00F69B43 /* makeup.jpg */ = {isa = PBXFileReference; lastKnownFileType = image.jpeg; path = makeup.jpg; sourceTree = "<group>"; };
		5B8A6A581F1BF0FD00F69B43 /* adesola.jpg */ = {isa = PBXFileReference; lastKnownFileType = image.jpeg; path = adesola.jpg; sourceTree = "<group>"; };
		5B8A6A591F1BF10200F69B43 /* hunterandmadeline.jpg */ = {isa = PBXFileReference; lastKnownFileType = image.jpeg; path = hunterandmadeline.jpg; sourceTree = "<group>"; };
		5B8A6A5E1F1C024C00F69B43 /* maia.png */ = {isa = PBXFileReference; lastKnownFileType = image.png; path = maia.png; sourceTree = "<group>"; };
		5B8A6A611F1C1C5000F69B43 /* 2015.png */ = {isa = PBXFileReference; lastKnownFileType = image.png; path = 2015.png; sourceTree = "<group>"; };
		5B8A6A631F1C1E2E00F69B43 /* board.jpg */ = {isa = PBXFileReference; lastKnownFileType = image.jpeg; path = board.jpg; sourceTree = "<group>"; };
		5B8A6A651F1C218C00F69B43 /* sam.jpg */ = {isa = PBXFileReference; lastKnownFileType = image.jpeg; path = sam.jpg; sourceTree = "<group>"; };
		5BAF441F1EEC8A60007ACBCB /* Identities.app */ = {isa = PBXFileReference; explicitFileType = wrapper.application; includeInIndex = 0; path = Identities.app; sourceTree = BUILT_PRODUCTS_DIR; };
		5BAF44221EEC8A60007ACBCB /* AppDelegate.swift */ = {isa = PBXFileReference; lastKnownFileType = sourcecode.swift; path = AppDelegate.swift; sourceTree = "<group>"; };
		5BAF44241EEC8A60007ACBCB /* ContentViewController.swift */ = {isa = PBXFileReference; lastKnownFileType = sourcecode.swift; path = ContentViewController.swift; sourceTree = "<group>"; };
		5BAF44291EEC8A60007ACBCB /* Assets.xcassets */ = {isa = PBXFileReference; lastKnownFileType = folder.assetcatalog; path = Assets.xcassets; sourceTree = "<group>"; };
		5BAF442E1EEC8A60007ACBCB /* Info.plist */ = {isa = PBXFileReference; lastKnownFileType = text.plist.xml; path = Info.plist; sourceTree = "<group>"; };
		5BAF44331EEC8A60007ACBCB /* IdentitiesTests.xctest */ = {isa = PBXFileReference; explicitFileType = wrapper.cfbundle; includeInIndex = 0; path = IdentitiesTests.xctest; sourceTree = BUILT_PRODUCTS_DIR; };
		5BAF44371EEC8A60007ACBCB /* IdentitiesTests.swift */ = {isa = PBXFileReference; lastKnownFileType = sourcecode.swift; path = IdentitiesTests.swift; sourceTree = "<group>"; };
		5BAF44391EEC8A60007ACBCB /* Info.plist */ = {isa = PBXFileReference; lastKnownFileType = text.plist.xml; path = Info.plist; sourceTree = "<group>"; };
		5BAF443E1EEC8A60007ACBCB /* IdentitiesUITests.xctest */ = {isa = PBXFileReference; explicitFileType = wrapper.cfbundle; includeInIndex = 0; path = IdentitiesUITests.xctest; sourceTree = BUILT_PRODUCTS_DIR; };
		5BAF44421EEC8A60007ACBCB /* IdentitiesUITests.swift */ = {isa = PBXFileReference; lastKnownFileType = sourcecode.swift; path = IdentitiesUITests.swift; sourceTree = "<group>"; };
		5BAF44441EEC8A60007ACBCB /* Info.plist */ = {isa = PBXFileReference; lastKnownFileType = text.plist.xml; path = Info.plist; sourceTree = "<group>"; };
		5BE6C2E61EEC8E3E00915313 /* HomeViewController.swift */ = {isa = PBXFileReference; lastKnownFileType = sourcecode.swift; path = HomeViewController.swift; sourceTree = "<group>"; };
		5BE6C2EA1EECA17A00915313 /* hannah.mp4 */ = {isa = PBXFileReference; lastKnownFileType = file; path = hannah.mp4; sourceTree = "<group>"; };
		C81629A51EFD2B3D004000B3 /* PageViewController.swift */ = {isa = PBXFileReference; fileEncoding = 4; lastKnownFileType = sourcecode.swift; path = PageViewController.swift; sourceTree = "<group>"; };
		C81629A71EFD2B4A004000B3 /* ViewController1.swift */ = {isa = PBXFileReference; fileEncoding = 4; lastKnownFileType = sourcecode.swift; path = ViewController1.swift; sourceTree = "<group>"; };
/* End PBXFileReference section */

/* Begin PBXFrameworksBuildPhase section */
		5BAF441C1EEC8A60007ACBCB /* Frameworks */ = {
			isa = PBXFrameworksBuildPhase;
			buildActionMask = 2147483647;
			files = (
			);
			runOnlyForDeploymentPostprocessing = 0;
		};
		5BAF44301EEC8A60007ACBCB /* Frameworks */ = {
			isa = PBXFrameworksBuildPhase;
			buildActionMask = 2147483647;
			files = (
			);
			runOnlyForDeploymentPostprocessing = 0;
		};
		5BAF443B1EEC8A60007ACBCB /* Frameworks */ = {
			isa = PBXFrameworksBuildPhase;
			buildActionMask = 2147483647;
			files = (
			);
			runOnlyForDeploymentPostprocessing = 0;
		};
/* End PBXFrameworksBuildPhase section */

/* Begin PBXGroup section */
		5BAF44161EEC8A60007ACBCB = {
			isa = PBXGroup;
			children = (
				5BAF44211EEC8A60007ACBCB /* Identities */,
				5BAF44361EEC8A60007ACBCB /* IdentitiesTests */,
				5BAF44411EEC8A60007ACBCB /* IdentitiesUITests */,
				5BAF44201EEC8A60007ACBCB /* Products */,
			);
			sourceTree = "<group>";
		};
		5BAF44201EEC8A60007ACBCB /* Products */ = {
			isa = PBXGroup;
			children = (
				5BAF441F1EEC8A60007ACBCB /* Identities.app */,
				5BAF44331EEC8A60007ACBCB /* IdentitiesTests.xctest */,
				5BAF443E1EEC8A60007ACBCB /* IdentitiesUITests.xctest */,
			);
			name = Products;
			sourceTree = "<group>";
		};
		5BAF44211EEC8A60007ACBCB /* Identities */ = {
			isa = PBXGroup;
			children = (
				5BAF44221EEC8A60007ACBCB /* AppDelegate.swift */,
				5BE6C2E61EEC8E3E00915313 /* HomeViewController.swift */,
				5BAF44241EEC8A60007ACBCB /* ContentViewController.swift */,
				5B1D77DF1F254BB40083106D /* FeaturedCollectionViewController.swift */,
				C81629A51EFD2B3D004000B3 /* PageViewController.swift */,
				C81629A71EFD2B4A004000B3 /* ViewController1.swift */,
				5B5BDD191EF2F53800EBFEE0 /* ViewController2.swift */,
				5B5BDD1D1EF2F53D00EBFEE0 /* ViewController3.swift */,
				5B5BDD211EF2F66D00EBFEE0 /* ViewController4.swift */,
				5BAF44501EEC8A83007ACBCB /* Supporting Files */,
			);
			path = Identities;
			sourceTree = "<group>";
		};
		5BAF44361EEC8A60007ACBCB /* IdentitiesTests */ = {
			isa = PBXGroup;
			children = (
				5BAF44371EEC8A60007ACBCB /* IdentitiesTests.swift */,
				5BAF44391EEC8A60007ACBCB /* Info.plist */,
			);
			path = IdentitiesTests;
			sourceTree = "<group>";
		};
		5BAF44411EEC8A60007ACBCB /* IdentitiesUITests */ = {
			isa = PBXGroup;
			children = (
				5BAF44421EEC8A60007ACBCB /* IdentitiesUITests.swift */,
				5BAF44441EEC8A60007ACBCB /* Info.plist */,
			);
			path = IdentitiesUITests;
			sourceTree = "<group>";
		};
		5BAF44501EEC8A83007ACBCB /* Supporting Files */ = {
			isa = PBXGroup;
			children = (
				5BAF44291EEC8A60007ACBCB /* Assets.xcassets */,
				5BE6C2EA1EECA17A00915313 /* hannah.mp4 */,
				5B8A6A4B1EFD75D800F69B43 /* asia.jpg */,
				5B8A6A4F1F1AC64300F69B43 /* ivan.jpg */,
				5B8A6A511F1ACADA00F69B43 /* makeup.jpg */,
				5B8A6A531F1ACCE100F69B43 /* claudia.jpg */,
				5B8A6A551F1BEFAD00F69B43 /* madison.jpg */,
				5B8A6A561F1BF0F500F69B43 /* kimi.jpg */,
				5B8A6A571F1BF0FA00F69B43 /* makeup.jpg */,
				5B8A6A581F1BF0FD00F69B43 /* adesola.jpg */,
				5B8A6A591F1BF10200F69B43 /* hunterandmadeline.jpg */,
				5B8A6A5E1F1C024C00F69B43 /* maia.png */,
				5B8A6A611F1C1C5000F69B43 /* 2015.png */,
				5B8A6A631F1C1E2E00F69B43 /* board.jpg */,
				5B8A6A651F1C218C00F69B43 /* sam.jpg */,
				5B5BDD0F1EF1DBEA00EBFEE0 /* body.strings */,
				5BAF442E1EEC8A60007ACBCB /* Info.plist */,
			);
			name = "Supporting Files";
			path = ..;
			sourceTree = "<group>";
		};
/* End PBXGroup section */

/* Begin PBXNativeTarget section */
		5BAF441E1EEC8A60007ACBCB /* Identities */ = {
			isa = PBXNativeTarget;
			buildConfigurationList = 5BAF44471EEC8A60007ACBCB /* Build configuration list for PBXNativeTarget "Identities" */;
			buildPhases = (
				5BAF441B1EEC8A60007ACBCB /* Sources */,
				5BAF441C1EEC8A60007ACBCB /* Frameworks */,
				5BAF441D1EEC8A60007ACBCB /* Resources */,
			);
			buildRules = (
			);
			dependencies = (
			);
			name = Identities;
			productName = Identities;
			productReference = 5BAF441F1EEC8A60007ACBCB /* Identities.app */;
			productType = "com.apple.product-type.application";
		};
		5BAF44321EEC8A60007ACBCB /* IdentitiesTests */ = {
			isa = PBXNativeTarget;
			buildConfigurationList = 5BAF444A1EEC8A60007ACBCB /* Build configuration list for PBXNativeTarget "IdentitiesTests" */;
			buildPhases = (
				5BAF442F1EEC8A60007ACBCB /* Sources */,
				5BAF44301EEC8A60007ACBCB /* Frameworks */,
				5BAF44311EEC8A60007ACBCB /* Resources */,
			);
			buildRules = (
			);
			dependencies = (
				5BAF44351EEC8A60007ACBCB /* PBXTargetDependency */,
			);
			name = IdentitiesTests;
			productName = IdentitiesTests;
			productReference = 5BAF44331EEC8A60007ACBCB /* IdentitiesTests.xctest */;
			productType = "com.apple.product-type.bundle.unit-test";
		};
		5BAF443D1EEC8A60007ACBCB /* IdentitiesUITests */ = {
			isa = PBXNativeTarget;
			buildConfigurationList = 5BAF444D1EEC8A60007ACBCB /* Build configuration list for PBXNativeTarget "IdentitiesUITests" */;
			buildPhases = (
				5BAF443A1EEC8A60007ACBCB /* Sources */,
				5BAF443B1EEC8A60007ACBCB /* Frameworks */,
				5BAF443C1EEC8A60007ACBCB /* Resources */,
			);
			buildRules = (
			);
			dependencies = (
				5BAF44401EEC8A60007ACBCB /* PBXTargetDependency */,
			);
			name = IdentitiesUITests;
			productName = IdentitiesUITests;
			productReference = 5BAF443E1EEC8A60007ACBCB /* IdentitiesUITests.xctest */;
			productType = "com.apple.product-type.bundle.ui-testing";
		};
/* End PBXNativeTarget section */

/* Begin PBXProject section */
		5BAF44171EEC8A60007ACBCB /* Project object */ = {
			isa = PBXProject;
			attributes = {
				LastSwiftUpdateCheck = 0900;
				LastUpgradeCheck = 0900;
				ORGANIZATIONNAME = claudialaurie;
				TargetAttributes = {
					5BAF441E1EEC8A60007ACBCB = {
						CreatedOnToolsVersion = 9.0;
						LastSwiftMigration = 0900;
						ProvisioningStyle = Automatic;
					};
					5BAF44321EEC8A60007ACBCB = {
						CreatedOnToolsVersion = 9.0;
						LastSwiftMigration = 0900;
						TestTargetID = 5BAF441E1EEC8A60007ACBCB;
					};
					5BAF443D1EEC8A60007ACBCB = {
						CreatedOnToolsVersion = 9.0;
						LastSwiftMigration = 0900;
						TestTargetID = 5BAF441E1EEC8A60007ACBCB;
					};
				};
			};
			buildConfigurationList = 5BAF441A1EEC8A60007ACBCB /* Build configuration list for PBXProject "Identities" */;
			compatibilityVersion = "Xcode 8.0";
			developmentRegion = en;
			hasScannedForEncodings = 0;
			knownRegions = (
				en,
				Base,
			);
			mainGroup = 5BAF44161EEC8A60007ACBCB;
			productRefGroup = 5BAF44201EEC8A60007ACBCB /* Products */;
			projectDirPath = "";
			projectRoot = "";
			targets = (
				5BAF441E1EEC8A60007ACBCB /* Identities */,
				5BAF44321EEC8A60007ACBCB /* IdentitiesTests */,
				5BAF443D1EEC8A60007ACBCB /* IdentitiesUITests */,
			);
		};
/* End PBXProject section */

/* Begin PBXResourcesBuildPhase section */
		5BAF441D1EEC8A60007ACBCB /* Resources */ = {
			isa = PBXResourcesBuildPhase;
			buildActionMask = 2147483647;
			files = (
				5B8A6A661F1C219800F69B43 /* sam.jpg in Resources */,
				5B8A6A641F1C1E3B00F69B43 /* board.jpg in Resources */,
				5B8A6A621F1C1C6100F69B43 /* 2015.png in Resources */,
				5B8A6A601F1C027B00F69B43 /* maia.png in Resources */,
				5B8A6A5A1F1BF11200F69B43 /* madison.jpg in Resources */,
				5B8A6A5B1F1BF11200F69B43 /* kimi.jpg in Resources */,
				5B8A6A521F1ACAE500F69B43 /* makeup.jpg in Resources */,
				5B8A6A5C1F1BF11200F69B43 /* adesola.jpg in Resources */,
				5B8A6A4C1EFD75F300F69B43 /* asia.jpg in Resources */,
				5B8A6A5D1F1BF11200F69B43 /* hunterandmadeline.jpg in Resources */,
				5B8A6A541F1ACCEC00F69B43 /* claudia.jpg in Resources */,
				5B8A6A501F1AC65400F69B43 /* ivan.jpg in Resources */,
				5BAF442A1EEC8A60007ACBCB /* Assets.xcassets in Resources */,
				5B5BDD101EF1DBEA00EBFEE0 /* body.strings in Resources */,
				5BE6C2EB1EECA27900915313 /* hannah.mp4 in Resources */,
			);
			runOnlyForDeploymentPostprocessing = 0;
		};
		5BAF44311EEC8A60007ACBCB /* Resources */ = {
			isa = PBXResourcesBuildPhase;
			buildActionMask = 2147483647;
			files = (
			);
			runOnlyForDeploymentPostprocessing = 0;
		};
		5BAF443C1EEC8A60007ACBCB /* Resources */ = {
			isa = PBXResourcesBuildPhase;
			buildActionMask = 2147483647;
			files = (
			);
			runOnlyForDeploymentPostprocessing = 0;
		};
/* End PBXResourcesBuildPhase section */

/* Begin PBXSourcesBuildPhase section */
		5BAF441B1EEC8A60007ACBCB /* Sources */ = {
			isa = PBXSourcesBuildPhase;
			buildActionMask = 2147483647;
			files = (
				5B8A6A5F1F1C026A00F69B43 /* maia.png in Sources */,
				C81629A61EFD2B3D004000B3 /* PageViewController.swift in Sources */,
				5B5BDD1A1EF2F53800EBFEE0 /* ViewController2.swift in Sources */,
				5B5BDD1E1EF2F53D00EBFEE0 /* ViewController3.swift in Sources */,
				5BAF44251EEC8A60007ACBCB /* ContentViewController.swift in Sources */,
				5B5BDD221EF2F66D00EBFEE0 /* ViewController4.swift in Sources */,
				5B1D77E01F254BB40083106D /* FeaturedCollectionViewController.swift in Sources */,
				C81629A81EFD2B4B004000B3 /* ViewController1.swift in Sources */,
				5BE6C2E71EEC8E3E00915313 /* HomeViewController.swift in Sources */,
				5BAF44231EEC8A60007ACBCB /* AppDelegate.swift in Sources */,
			);
			runOnlyForDeploymentPostprocessing = 0;
		};
		5BAF442F1EEC8A60007ACBCB /* Sources */ = {
			isa = PBXSourcesBuildPhase;
			buildActionMask = 2147483647;
			files = (
				5B5BDD1B1EF2F53800EBFEE0 /* ViewController2.swift in Sources */,
				5B5BDD1F1EF2F53D00EBFEE0 /* ViewController3.swift in Sources */,
				5B5BDD231EF2F66D00EBFEE0 /* ViewController4.swift in Sources */,
				5BE6C2F51EEE145D00915313 /* AppDelegate.swift in Sources */,
				5BAF44381EEC8A60007ACBCB /* IdentitiesTests.swift in Sources */,
				5B1D77E11F254BB40083106D /* FeaturedCollectionViewController.swift in Sources */,
				5BE6C2F31EEDDD9900915313 /* HomeViewController.swift in Sources */,
			);
			runOnlyForDeploymentPostprocessing = 0;
		};
		5BAF443A1EEC8A60007ACBCB /* Sources */ = {
			isa = PBXSourcesBuildPhase;
			buildActionMask = 2147483647;
			files = (
				5B5BDD1C1EF2F53800EBFEE0 /* ViewController2.swift in Sources */,
				5B5BDD201EF2F53D00EBFEE0 /* ViewController3.swift in Sources */,
				5B5BDD241EF2F66D00EBFEE0 /* ViewController4.swift in Sources */,
				5BE6C2F61EEE145E00915313 /* AppDelegate.swift in Sources */,
				5BAF44431EEC8A60007ACBCB /* IdentitiesUITests.swift in Sources */,
				5B1D77E21F254BB40083106D /* FeaturedCollectionViewController.swift in Sources */,
				5BE6C2F41EEDDD9900915313 /* HomeViewController.swift in Sources */,
			);
			runOnlyForDeploymentPostprocessing = 0;
		};
/* End PBXSourcesBuildPhase section */

/* Begin PBXTargetDependency section */
		5BAF44351EEC8A60007ACBCB /* PBXTargetDependency */ = {
			isa = PBXTargetDependency;
			target = 5BAF441E1EEC8A60007ACBCB /* Identities */;
			targetProxy = 5BAF44341EEC8A60007ACBCB /* PBXContainerItemProxy */;
		};
		5BAF44401EEC8A60007ACBCB /* PBXTargetDependency */ = {
			isa = PBXTargetDependency;
			target = 5BAF441E1EEC8A60007ACBCB /* Identities */;
			targetProxy = 5BAF443F1EEC8A60007ACBCB /* PBXContainerItemProxy */;
		};
/* End PBXTargetDependency section */

/* Begin XCBuildConfiguration section */
		5BAF44451EEC8A60007ACBCB /* Debug */ = {
			isa = XCBuildConfiguration;
			buildSettings = {
				ALWAYS_SEARCH_USER_PATHS = NO;
				CLANG_ANALYZER_NONNULL = YES;
				CLANG_ANALYZER_NUMBER_OBJECT_CONVERSION = YES_AGGRESSIVE;
				CLANG_CXX_LANGUAGE_STANDARD = "gnu++14";
				CLANG_CXX_LIBRARY = "libc++";
				CLANG_ENABLE_MODULES = YES;
				CLANG_ENABLE_OBJC_ARC = YES;
				CLANG_WARN_BLOCK_CAPTURE_AUTORELEASING = YES;
				CLANG_WARN_BOOL_CONVERSION = YES;
				CLANG_WARN_COMMA = YES;
				CLANG_WARN_CONSTANT_CONVERSION = YES;
				CLANG_WARN_DIRECT_OBJC_ISA_USAGE = YES_ERROR;
				CLANG_WARN_DOCUMENTATION_COMMENTS = YES;
				CLANG_WARN_EMPTY_BODY = YES;
				CLANG_WARN_ENUM_CONVERSION = YES;
				CLANG_WARN_INFINITE_RECURSION = YES;
				CLANG_WARN_INT_CONVERSION = YES;
				CLANG_WARN_NON_LITERAL_NULL_CONVERSION = YES;
				CLANG_WARN_OBJC_LITERAL_CONVERSION = YES;
				CLANG_WARN_OBJC_ROOT_CLASS = YES_ERROR;
				CLANG_WARN_RANGE_LOOP_ANALYSIS = YES;
				CLANG_WARN_STRICT_PROTOTYPES = YES;
				CLANG_WARN_SUSPICIOUS_MOVE = YES;
				CLANG_WARN_UNGUARDED_AVAILABILITY = YES_AGGRESSIVE;
				CLANG_WARN_UNREACHABLE_CODE = YES;
				CLANG_WARN__DUPLICATE_METHOD_MATCH = YES;
				CODE_SIGN_IDENTITY = "iPhone Developer";
				COPY_PHASE_STRIP = NO;
				DEBUG_INFORMATION_FORMAT = dwarf;
				ENABLE_STRICT_OBJC_MSGSEND = YES;
				ENABLE_TESTABILITY = YES;
				GCC_C_LANGUAGE_STANDARD = gnu11;
				GCC_DYNAMIC_NO_PIC = NO;
				GCC_NO_COMMON_BLOCKS = YES;
				GCC_OPTIMIZATION_LEVEL = 0;
				GCC_PREPROCESSOR_DEFINITIONS = (
					"DEBUG=1",
					"$(inherited)",
				);
				GCC_WARN_64_TO_32_BIT_CONVERSION = YES;
				GCC_WARN_ABOUT_RETURN_TYPE = YES_ERROR;
				GCC_WARN_UNDECLARED_SELECTOR = YES;
				GCC_WARN_UNINITIALIZED_AUTOS = YES_AGGRESSIVE;
				GCC_WARN_UNUSED_FUNCTION = YES;
				GCC_WARN_UNUSED_VARIABLE = YES;
				IPHONEOS_DEPLOYMENT_TARGET = 11.0;
				MTL_ENABLE_DEBUG_INFO = YES;
				ONLY_ACTIVE_ARCH = YES;
				SDKROOT = iphoneos;
				SWIFT_ACTIVE_COMPILATION_CONDITIONS = DEBUG;
				SWIFT_OPTIMIZATION_LEVEL = "-Onone";
			};
			name = Debug;
		};
		5BAF44461EEC8A60007ACBCB /* Release */ = {
			isa = XCBuildConfiguration;
			buildSettings = {
				ALWAYS_SEARCH_USER_PATHS = NO;
				CLANG_ANALYZER_NONNULL = YES;
				CLANG_ANALYZER_NUMBER_OBJECT_CONVERSION = YES_AGGRESSIVE;
				CLANG_CXX_LANGUAGE_STANDARD = "gnu++14";
				CLANG_CXX_LIBRARY = "libc++";
				CLANG_ENABLE_MODULES = YES;
				CLANG_ENABLE_OBJC_ARC = YES;
				CLANG_WARN_BLOCK_CAPTURE_AUTORELEASING = YES;
				CLANG_WARN_BOOL_CONVERSION = YES;
				CLANG_WARN_COMMA = YES;
				CLANG_WARN_CONSTANT_CONVERSION = YES;
				CLANG_WARN_DIRECT_OBJC_ISA_USAGE = YES_ERROR;
				CLANG_WARN_DOCUMENTATION_COMMENTS = YES;
				CLANG_WARN_EMPTY_BODY = YES;
				CLANG_WARN_ENUM_CONVERSION = YES;
				CLANG_WARN_INFINITE_RECURSION = YES;
				CLANG_WARN_INT_CONVERSION = YES;
				CLANG_WARN_NON_LITERAL_NULL_CONVERSION = YES;
				CLANG_WARN_OBJC_LITERAL_CONVERSION = YES;
				CLANG_WARN_OBJC_ROOT_CLASS = YES_ERROR;
				CLANG_WARN_RANGE_LOOP_ANALYSIS = YES;
				CLANG_WARN_STRICT_PROTOTYPES = YES;
				CLANG_WARN_SUSPICIOUS_MOVE = YES;
				CLANG_WARN_UNGUARDED_AVAILABILITY = YES_AGGRESSIVE;
				CLANG_WARN_UNREACHABLE_CODE = YES;
				CLANG_WARN__DUPLICATE_METHOD_MATCH = YES;
				CODE_SIGN_IDENTITY = "iPhone Developer";
				COPY_PHASE_STRIP = NO;
				DEBUG_INFORMATION_FORMAT = "dwarf-with-dsym";
				ENABLE_NS_ASSERTIONS = NO;
				ENABLE_STRICT_OBJC_MSGSEND = YES;
				GCC_C_LANGUAGE_STANDARD = gnu11;
				GCC_NO_COMMON_BLOCKS = YES;
				GCC_WARN_64_TO_32_BIT_CONVERSION = YES;
				GCC_WARN_ABOUT_RETURN_TYPE = YES_ERROR;
				GCC_WARN_UNDECLARED_SELECTOR = YES;
				GCC_WARN_UNINITIALIZED_AUTOS = YES_AGGRESSIVE;
				GCC_WARN_UNUSED_FUNCTION = YES;
				GCC_WARN_UNUSED_VARIABLE = YES;
				IPHONEOS_DEPLOYMENT_TARGET = 11.0;
				MTL_ENABLE_DEBUG_INFO = NO;
				SDKROOT = iphoneos;
				SWIFT_OPTIMIZATION_LEVEL = "-Owholemodule";
				VALIDATE_PRODUCT = YES;
			};
			name = Release;
		};
		5BAF44481EEC8A60007ACBCB /* Debug */ = {
			isa = XCBuildConfiguration;
			buildSettings = {
				ASSETCATALOG_COMPILER_APPICON_NAME = AppIcon;
				ASSETCATALOG_COMPILER_LAUNCHIMAGE_NAME = LaunchImage;
				"CODE_SIGN_IDENTITY[sdk=iphoneos*]" = "iPhone Developer";
				CODE_SIGN_STYLE = Automatic;
				DEVELOPMENT_TEAM = JMZQXCXLPG;
				INFOPLIST_FILE = "$(SRCROOT)/Info.plist";
				IPHONEOS_DEPLOYMENT_TARGET = 10.3;
				LD_RUNPATH_SEARCH_PATHS = "$(inherited) @executable_path/Frameworks";
				PRODUCT_BUNDLE_IDENTIFIER = identities.identities;
				PRODUCT_NAME = "$(TARGET_NAME)";
				PROVISIONING_PROFILE_SPECIFIER = "";
				SWIFT_SWIFT3_OBJC_INFERENCE = On;
				SWIFT_VERSION = 4.0;
				TARGETED_DEVICE_FAMILY = 1;
			};
			name = Debug;
		};
		5BAF44491EEC8A60007ACBCB /* Release */ = {
			isa = XCBuildConfiguration;
			buildSettings = {
				ASSETCATALOG_COMPILER_APPICON_NAME = AppIcon;
				ASSETCATALOG_COMPILER_LAUNCHIMAGE_NAME = LaunchImage;
				"CODE_SIGN_IDENTITY[sdk=iphoneos*]" = "iPhone Developer";
				CODE_SIGN_STYLE = Automatic;
				DEVELOPMENT_TEAM = JMZQXCXLPG;
				INFOPLIST_FILE = "$(SRCROOT)/Info.plist";
				IPHONEOS_DEPLOYMENT_TARGET = 10.3;
				LD_RUNPATH_SEARCH_PATHS = "$(inherited) @executable_path/Frameworks";
				PRODUCT_BUNDLE_IDENTIFIER = identities.identities;
				PRODUCT_NAME = "$(TARGET_NAME)";
				PROVISIONING_PROFILE_SPECIFIER = "";
				SWIFT_SWIFT3_OBJC_INFERENCE = On;
				SWIFT_VERSION = 4.0;
				TARGETED_DEVICE_FAMILY = 1;
			};
			name = Release;
		};
		5BAF444B1EEC8A60007ACBCB /* Debug */ = {
			isa = XCBuildConfiguration;
			buildSettings = {
				ALWAYS_EMBED_SWIFT_STANDARD_LIBRARIES = YES;
				BUNDLE_LOADER = "$(TEST_HOST)";
				DEVELOPMENT_TEAM = JMZQXCXLPG;
				INFOPLIST_FILE = IdentitiesTests/Info.plist;
				IPHONEOS_DEPLOYMENT_TARGET = 10.3;
				LD_RUNPATH_SEARCH_PATHS = "$(inherited) @executable_path/Frameworks @loader_path/Frameworks";
				PRODUCT_BUNDLE_IDENTIFIER = identities.IdentitiesTests;
				PRODUCT_NAME = "$(TARGET_NAME)";
				SWIFT_SWIFT3_OBJC_INFERENCE = On;
				SWIFT_VERSION = 4.0;
				TARGETED_DEVICE_FAMILY = "1,2";
				TEST_HOST = "$(BUILT_PRODUCTS_DIR)/Identities.app/Identities";
			};
			name = Debug;
		};
		5BAF444C1EEC8A60007ACBCB /* Release */ = {
			isa = XCBuildConfiguration;
			buildSettings = {
				ALWAYS_EMBED_SWIFT_STANDARD_LIBRARIES = YES;
				BUNDLE_LOADER = "$(TEST_HOST)";
				DEVELOPMENT_TEAM = JMZQXCXLPG;
				INFOPLIST_FILE = IdentitiesTests/Info.plist;
				IPHONEOS_DEPLOYMENT_TARGET = 10.3;
				LD_RUNPATH_SEARCH_PATHS = "$(inherited) @executable_path/Frameworks @loader_path/Frameworks";
				PRODUCT_BUNDLE_IDENTIFIER = identities.IdentitiesTests;
				PRODUCT_NAME = "$(TARGET_NAME)";
				SWIFT_SWIFT3_OBJC_INFERENCE = On;
				SWIFT_VERSION = 4.0;
				TARGETED_DEVICE_FAMILY = "1,2";
				TEST_HOST = "$(BUILT_PRODUCTS_DIR)/Identities.app/Identities";
			};
			name = Release;
		};
		5BAF444E1EEC8A60007ACBCB /* Debug */ = {
			isa = XCBuildConfiguration;
			buildSettings = {
				ALWAYS_EMBED_SWIFT_STANDARD_LIBRARIES = YES;
				DEVELOPMENT_TEAM = JMZQXCXLPG;
				INFOPLIST_FILE = IdentitiesUITests/Info.plist;
				IPHONEOS_DEPLOYMENT_TARGET = 10.3;
				LD_RUNPATH_SEARCH_PATHS = "$(inherited) @executable_path/Frameworks @loader_path/Frameworks";
				PRODUCT_BUNDLE_IDENTIFIER = identities.IdentitiesUITests;
				PRODUCT_NAME = "$(TARGET_NAME)";
				SWIFT_SWIFT3_OBJC_INFERENCE = On;
				SWIFT_VERSION = 4.0;
				TARGETED_DEVICE_FAMILY = "1,2";
				TEST_TARGET_NAME = Identities;
			};
			name = Debug;
		};
		5BAF444F1EEC8A60007ACBCB /* Release */ = {
			isa = XCBuildConfiguration;
			buildSettings = {
				ALWAYS_EMBED_SWIFT_STANDARD_LIBRARIES = YES;
				DEVELOPMENT_TEAM = JMZQXCXLPG;
				INFOPLIST_FILE = IdentitiesUITests/Info.plist;
				IPHONEOS_DEPLOYMENT_TARGET = 10.3;
				LD_RUNPATH_SEARCH_PATHS = "$(inherited) @executable_path/Frameworks @loader_path/Frameworks";
				PRODUCT_BUNDLE_IDENTIFIER = identities.IdentitiesUITests;
				PRODUCT_NAME = "$(TARGET_NAME)";
				SWIFT_SWIFT3_OBJC_INFERENCE = On;
				SWIFT_VERSION = 4.0;
				TARGETED_DEVICE_FAMILY = "1,2";
				TEST_TARGET_NAME = Identities;
			};
			name = Release;
		};
/* End XCBuildConfiguration section */

/* Begin XCConfigurationList section */
		5BAF441A1EEC8A60007ACBCB /* Build configuration list for PBXProject "Identities" */ = {
			isa = XCConfigurationList;
			buildConfigurations = (
				5BAF44451EEC8A60007ACBCB /* Debug */,
				5BAF44461EEC8A60007ACBCB /* Release */,
			);
			defaultConfigurationIsVisible = 0;
			defaultConfigurationName = Release;
		};
		5BAF44471EEC8A60007ACBCB /* Build configuration list for PBXNativeTarget "Identities" */ = {
			isa = XCConfigurationList;
			buildConfigurations = (
				5BAF44481EEC8A60007ACBCB /* Debug */,
				5BAF44491EEC8A60007ACBCB /* Release */,
			);
			defaultConfigurationIsVisible = 0;
			defaultConfigurationName = Release;
		};
		5BAF444A1EEC8A60007ACBCB /* Build configuration list for PBXNativeTarget "IdentitiesTests" */ = {
			isa = XCConfigurationList;
			buildConfigurations = (
				5BAF444B1EEC8A60007ACBCB /* Debug */,
				5BAF444C1EEC8A60007ACBCB /* Release */,
			);
			defaultConfigurationIsVisible = 0;
			defaultConfigurationName = Release;
		};
		5BAF444D1EEC8A60007ACBCB /* Build configuration list for PBXNativeTarget "IdentitiesUITests" */ = {
			isa = XCConfigurationList;
			buildConfigurations = (
				5BAF444E1EEC8A60007ACBCB /* Debug */,
				5BAF444F1EEC8A60007ACBCB /* Release */,
			);
			defaultConfigurationIsVisible = 0;
			defaultConfigurationName = Release;
		};
/* End XCConfigurationList section */
	};
	rootObject = 5BAF44171EEC8A60007ACBCB /* Project object */;
}
